github.com/TheTitanrain/w32 v0.0.0-20180517000239-4f5cfb03fabf h1:FPsprx82rdrX2jiKyS17BH6IrTmUBYqZa/CXT4uvb+I=
github.com/TheTitanrain/w32 v0.0.0-20180517000239-4f5cfb03fabf/go.mod h1:peYoMncQljjNS6tZwI9WVyQB3qZS6u79/N3mBOcnd3I=
github.com/cbsinteractive/mediainfo v0.0.1 h1:4BkWEbfItl1Hc9ZyH3xD3kRLzjOKHQcQw3I5YEvg9k0=
github.com/cbsinteractive/mediainfo v0.0.1/go.mod h1:o5noHbdxgLHmUFrUEG8Tb1ZeQpSfw4+hFTdYsl7Cefo=
github.com/cbsinteractive/mediainfo v0.0.3 h1:n++4fGPlMWrJt4eAV7dgbYmyLQUsMfi/cWTQ7CJoT6o=
github.com/cbsinteractive/mediainfo v0.0.3/go.mod h1:o5noHbdxgLHmUFrUEG8Tb1ZeQpSfw4+hFTdYsl7Cefo=
github.com/cbsinteractive/mediainfo v0.0.4 h1:Y6tS3c+DorrH+ysz8i45l9WwpByKa2PtEjlm144WqI8=
github.com/cbsinteractive/mediainfo v0.0.4/go.mod h1:o5noHbdxgLHmUFrUEG8Tb1ZeQpSfw4+hFTdYsl7Cefo=
github.com/cbsinteractive/mediainfo v0.0.5 h1:Rd/OajgzNHe/aDI2wlKKwh2qzh/VLjt/ffkgZ7g+Xoc=
github.com/cbsinteractive/mediainfo v0.0.5/go.mod h1:o5noHbdxgLHmUFrUEG8Tb1ZeQpSfw4+hFTdYsl7Cefo=
github.com/cbsinteractive/mediainfo v0.0.6 h1:CikDgWdTKR3d3s7rZXJWEzL7oh2HvzgoEp4cj63VtGI=
github.com/cbsinteractive/mediainfo v0.0.6/go.mod h1:o5noHbdxgLHmUFrUEG8Tb1ZeQpSfw4+hFTdYsl7Cefo=
github.com/cbsinteractive/mediainfo v0.0.7 h1:yig/2h4AbtkIXP+cV6Lo6TugeVf5w/bWLUCvQjrK3DA=
github.com/cbsinteractive/mediainfo v0.0.7/go.mod h1:o5noHbdxgLHmUFrUEG8Tb1ZeQpSfw4+hFTdYsl7Cefo=
github.com/cbsinteractive/mediainfo v0.0.8 h1:WOttDt9kKe9nlL4AbYZLdHO3ykwvBvRnBJCR60kZb04=
github.com/cbsinteractive/mediainfo v0.0.8/go.mod h1:o5noHbdxgLHmUFrUEG8Tb1ZeQpSfw4+hFTdYsl7Cefo=
github.com/cbsinteractive/mediainfo v0.0.9 h1:YKwEx9G2/dPd3JfbE5hMapMffTrZ5NdWbRLbJorSlDg=
github.com/cbsinteractive/mediainfo v0.0.9/go.mod h1:o5noHbdxgLHmUFrUEG8Tb1ZeQpSfw4+hFTdYsl7Cefo=
github.com/davecgh/go-spew v1.1.1/go.mod h1:J7Y8YcW2NihsgmVo/mv3lAwl/skON4iLHjSsI+c5H38=
github.com/pmezard/go-difflib v1.0.0/go.mod h1:iKH77koFhYxTK1pcRnkKkqfTogsbg7gZNVY4sRDYZ/4=
github.com/sirupsen/logrus v1.8.1 h1:dJKuHgqk1NNQlqoA6BTlM1Wf9DOH3NBjQyu0h9+AZZE=
github.com/sirupsen/logrus v1.8.1/go.mod h1:yWOB1SBYBC5VeMP7gHvWumXLIWorT60ONWic61uBYv0=
github.com/sqweek/dialog v0.0.0-20200911184034-8a3d98e8211d h1:Chay1rwJnXxI27H+pzu7P81BKf647un9GOoRPTdXN18=
github.com/sqweek/dialog v0.0.0-20200911184034-8a3d98e8211d/go.mod h1:/qNPSY91qTz/8TgHEMioAUc6q7+3SOybeKczHMXFcXw=
github.com/stretchr/testify v1.2.2/go.mod h1:a8OnRcib4nhh0OaRAV+Yts87kKdq0PP7pXfy6kDkUVs=
golang.org/x/image v0.0.0-20210220032944-ac19c3e999fb h1:fqpd0EBDzlHRCjiphRR5Zo/RSWWQlWv34418dnEixWk=
golang.org/x/image v0.0.0-20210220032944-ac19c3e999fb/go.mod h1:FeLwcggjj3mMvU+oOTbSwawSJRM1uh48EjtB4UJZlP0=
golang.org/x/sys v0.0.0-20191026070338-33540a1f6037 h1:YyJpGZS1sBuBCzLAR1VEpK193GlqGZbnPFnPV/5Rsb4=
golang.org/x/sys v0.0.0-20191026070338-33540a1f6037/go.mod h1:h1NjWce9XRLGQEsW7wpKNCjG9DtNlClVuFLEZdDNbEs=
golang.org/x/text v0.3.0/go.mod h1:NqM8EUOU14njkJ3fqMW+pc6Ldnwhi/IjpwHt7yyuwOQ=
